
Microsoft Visual Studio Solution File, Format Version 12.00
# Visual Studio Version 17
VisualStudioVersion = 17.14.36202.13 d17.14
MinimumVisualStudioVersion = 10.0.40219.1
Project("{FAE04EC0-301F-11D3-BF4B-00C04F79EFBC}") = "ProyectoAltasBajasEX", "ProyectoAltasBajasEX\ProyectoAltasBajasEX.csproj", "{BFA485F9-70F5-45B4-8D30-5D10F0BB9625}"
EndProject
Global
	GlobalSection(SolutionConfigurationPlatforms) = preSolution
		Debug|Any CPU = Debug|Any CPU
		Release|Any CPU = Release|Any CPU
	EndGlobalSection
	GlobalSection(ProjectConfigurationPlatforms) = postSolution
		{BFA485F9-70F5-45B4-8D30-5D10F0BB9625}.Debug|Any CPU.ActiveCfg = Debug|Any CPU
		{BFA485F9-70F5-45B4-8D30-5D10F0BB9625}.Debug|Any CPU.Build.0 = Debug|Any CPU
		{BFA485F9-70F5-45B4-8D30-5D10F0BB9625}.Release|Any CPU.ActiveCfg = Release|Any CPU
		{BFA485F9-70F5-45B4-8D30-5D10F0BB9625}.Release|Any CPU.Build.0 = Release|Any CPU
	EndGlobalSection
	GlobalSection(SolutionProperties) = preSolution
		HideSolutionNode = FALSE
	EndGlobalSection
	GlobalSection(ExtensibilityGlobals) = postSolution
		SolutionGuid = {3B83E42B-6B3C-412F-A300-53BF3975AB54}
	EndGlobalSection
EndGlobal
